
Microsoft Visual Studio Solution File, Format Version 12.00
# Visual Studio Version 17
VisualStudioVersion = 17.0.32014.148
MinimumVisualStudioVersion = 10.0.40219.1
Project("{FAE04EC0-301F-11D3-BF4B-00C04F79EFBC}") = "patika_25", "patika_25.csproj", "{31E44E52-750F-4B10-B989-4332595A673A}"
EndProject
Global
	GlobalSection(SolutionConfigurationPlatforms) = preSolution
		Debug|Any CPU = Debug|Any CPU
		Release|Any CPU = Release|Any CPU
	EndGlobalSection
	GlobalSection(ProjectConfigurationPlatforms) = postSolution
		{31E44E52-750F-4B10-B989-4332595A673A}.Debug|Any CPU.ActiveCfg = Debug|Any CPU
		{31E44E52-750F-4B10-B989-4332595A673A}.Debug|Any CPU.Build.0 = Debug|Any CPU
		{31E44E52-750F-4B10-B989-4332595A673A}.Release|Any CPU.ActiveCfg = Release|Any CPU
		{31E44E52-750F-4B10-B989-4332595A673A}.Release|Any CPU.Build.0 = Release|Any CPU
	EndGlobalSection
	GlobalSection(SolutionProperties) = preSolution
		HideSolutionNode = FALSE
	EndGlobalSection
	GlobalSection(ExtensibilityGlobals) = postSolution
		SolutionGuid = {F357F6F0-6644-42D8-97EA-3938C01BCB89}
	EndGlobalSection
EndGlobal
